// !$*UTF8*$!
{
	archiveVersion = 1;
	classes = {
	};
	objectVersion = 51;
	objects = {

/* Begin PBXBuildFile section */
		6EFEEA955B1589C2C20248C2 /* Pods_RxMemo.framework in Frameworks */ = {isa = PBXBuildFile; fileRef = 6CD29B0DFBC5D423BFF09D5F /* Pods_RxMemo.framework */; };
		ED92B9F824BDC5CC00899A60 /* AppDelegate.swift in Sources */ = {isa = PBXBuildFile; fileRef = ED92B9F724BDC5CC00899A60 /* AppDelegate.swift */; };
		ED92B9FA24BDC5CC00899A60 /* SceneDelegate.swift in Sources */ = {isa = PBXBuildFile; fileRef = ED92B9F924BDC5CC00899A60 /* SceneDelegate.swift */; };
		ED92B9FF24BDC5CC00899A60 /* Main.storyboard in Resources */ = {isa = PBXBuildFile; fileRef = ED92B9FD24BDC5CC00899A60 /* Main.storyboard */; };
		ED92BA0224BDC5CC00899A60 /* RxMemo.xcdatamodeld in Sources */ = {isa = PBXBuildFile; fileRef = ED92BA0024BDC5CC00899A60 /* RxMemo.xcdatamodeld */; };
		ED92BA0424BDC5CF00899A60 /* Assets.xcassets in Resources */ = {isa = PBXBuildFile; fileRef = ED92BA0324BDC5CF00899A60 /* Assets.xcassets */; };
		ED92BA0724BDC5CF00899A60 /* LaunchScreen.storyboard in Resources */ = {isa = PBXBuildFile; fileRef = ED92BA0524BDC5CF00899A60 /* LaunchScreen.storyboard */; };
		ED92BA1524BDCF8400899A60 /* Memo.swift in Sources */ = {isa = PBXBuildFile; fileRef = ED92BA1424BDCF8400899A60 /* Memo.swift */; };
		ED92BA1724BDD08800899A60 /* MemoStorageType.swift in Sources */ = {isa = PBXBuildFile; fileRef = ED92BA1624BDD08800899A60 /* MemoStorageType.swift */; };
		ED92BA3E24BDD4A800899A60 /* MemoryStorage.swift in Sources */ = {isa = PBXBuildFile; fileRef = ED92BA3D24BDD4A800899A60 /* MemoryStorage.swift */; };
		ED92BA4024BDDBC500899A60 /* MemoListViewViewController.swift in Sources */ = {isa = PBXBuildFile; fileRef = ED92BA3F24BDDBC500899A60 /* MemoListViewViewController.swift */; };
		ED92BA4224BDDBFB00899A60 /* MemoDetailViewController.swift in Sources */ = {isa = PBXBuildFile; fileRef = ED92BA4124BDDBFB00899A60 /* MemoDetailViewController.swift */; };
		ED92BA4424BDDC4100899A60 /* MemoComposeViewController.swift in Sources */ = {isa = PBXBuildFile; fileRef = ED92BA4324BDDC4100899A60 /* MemoComposeViewController.swift */; };
		ED92BA4624BDDD4A00899A60 /* MemoListViewModel.swift in Sources */ = {isa = PBXBuildFile; fileRef = ED92BA4524BDDD4A00899A60 /* MemoListViewModel.swift */; };
		ED92BA4824BDDD7E00899A60 /* MemoDetailViewModel.swift in Sources */ = {isa = PBXBuildFile; fileRef = ED92BA4724BDDD7E00899A60 /* MemoDetailViewModel.swift */; };
		ED92BA4A24BDDDAA00899A60 /* MemoComposeViewModel.swift in Sources */ = {isa = PBXBuildFile; fileRef = ED92BA4924BDDDAA00899A60 /* MemoComposeViewModel.swift */; };
		ED92BA4C24BDDDE100899A60 /* ViewModelBindableType.swift in Sources */ = {isa = PBXBuildFile; fileRef = ED92BA4B24BDDDE100899A60 /* ViewModelBindableType.swift */; };
/* End PBXBuildFile section */

/* Begin PBXFileReference section */
		33ACDB5D256B65DB89752D5F /* Pods-RxMemo.release.xcconfig */ = {isa = PBXFileReference; includeInIndex = 1; lastKnownFileType = text.xcconfig; name = "Pods-RxMemo.release.xcconfig"; path = "Target Support Files/Pods-RxMemo/Pods-RxMemo.release.xcconfig"; sourceTree = "<group>"; };
		41D8DF46D6595B0B7198F36F /* Pods-RxMemo.debug.xcconfig */ = {isa = PBXFileReference; includeInIndex = 1; lastKnownFileType = text.xcconfig; name = "Pods-RxMemo.debug.xcconfig"; path = "Target Support Files/Pods-RxMemo/Pods-RxMemo.debug.xcconfig"; sourceTree = "<group>"; };
		6CD29B0DFBC5D423BFF09D5F /* Pods_RxMemo.framework */ = {isa = PBXFileReference; explicitFileType = wrapper.framework; includeInIndex = 0; path = Pods_RxMemo.framework; sourceTree = BUILT_PRODUCTS_DIR; };
		ED92B9F424BDC5CC00899A60 /* RxMemo.app */ = {isa = PBXFileReference; explicitFileType = wrapper.application; includeInIndex = 0; path = RxMemo.app; sourceTree = BUILT_PRODUCTS_DIR; };
		ED92B9F724BDC5CC00899A60 /* AppDelegate.swift */ = {isa = PBXFileReference; lastKnownFileType = sourcecode.swift; path = AppDelegate.swift; sourceTree = "<group>"; };
		ED92B9F924BDC5CC00899A60 /* SceneDelegate.swift */ = {isa = PBXFileReference; lastKnownFileType = sourcecode.swift; path = SceneDelegate.swift; sourceTree = "<group>"; };
		ED92B9FE24BDC5CC00899A60 /* Base */ = {isa = PBXFileReference; lastKnownFileType = file.storyboard; name = Base; path = Base.lproj/Main.storyboard; sourceTree = "<group>"; };
		ED92BA0124BDC5CC00899A60 /* RxMemo.xcdatamodel */ = {isa = PBXFileReference; lastKnownFileType = wrapper.xcdatamodel; path = RxMemo.xcdatamodel; sourceTree = "<group>"; };
		ED92BA0324BDC5CF00899A60 /* Assets.xcassets */ = {isa = PBXFileReference; lastKnownFileType = folder.assetcatalog; path = Assets.xcassets; sourceTree = "<group>"; };
		ED92BA0624BDC5CF00899A60 /* Base */ = {isa = PBXFileReference; lastKnownFileType = file.storyboard; name = Base; path = Base.lproj/LaunchScreen.storyboard; sourceTree = "<group>"; };
		ED92BA0824BDC5CF00899A60 /* Info.plist */ = {isa = PBXFileReference; lastKnownFileType = text.plist.xml; path = Info.plist; sourceTree = "<group>"; };
		ED92BA1424BDCF8400899A60 /* Memo.swift */ = {isa = PBXFileReference; lastKnownFileType = sourcecode.swift; path = Memo.swift; sourceTree = "<group>"; };
		ED92BA1624BDD08800899A60 /* MemoStorageType.swift */ = {isa = PBXFileReference; lastKnownFileType = sourcecode.swift; path = MemoStorageType.swift; sourceTree = "<group>"; };
		ED92BA3D24BDD4A800899A60 /* MemoryStorage.swift */ = {isa = PBXFileReference; lastKnownFileType = sourcecode.swift; path = MemoryStorage.swift; sourceTree = "<group>"; };
		ED92BA3F24BDDBC500899A60 /* MemoListViewViewController.swift */ = {isa = PBXFileReference; lastKnownFileType = sourcecode.swift; path = MemoListViewViewController.swift; sourceTree = "<group>"; };
		ED92BA4124BDDBFB00899A60 /* MemoDetailViewController.swift */ = {isa = PBXFileReference; lastKnownFileType = sourcecode.swift; path = MemoDetailViewController.swift; sourceTree = "<group>"; };
		ED92BA4324BDDC4100899A60 /* MemoComposeViewController.swift */ = {isa = PBXFileReference; lastKnownFileType = sourcecode.swift; path = MemoComposeViewController.swift; sourceTree = "<group>"; };
		ED92BA4524BDDD4A00899A60 /* MemoListViewModel.swift */ = {isa = PBXFileReference; lastKnownFileType = sourcecode.swift; path = MemoListViewModel.swift; sourceTree = "<group>"; };
		ED92BA4724BDDD7E00899A60 /* MemoDetailViewModel.swift */ = {isa = PBXFileReference; lastKnownFileType = sourcecode.swift; path = MemoDetailViewModel.swift; sourceTree = "<group>"; };
		ED92BA4924BDDDAA00899A60 /* MemoComposeViewModel.swift */ = {isa = PBXFileReference; lastKnownFileType = sourcecode.swift; path = MemoComposeViewModel.swift; sourceTree = "<group>"; };
		ED92BA4B24BDDDE100899A60 /* ViewModelBindableType.swift */ = {isa = PBXFileReference; lastKnownFileType = sourcecode.swift; path = ViewModelBindableType.swift; sourceTree = "<group>"; };
/* End PBXFileReference section */

/* Begin PBXFrameworksBuildPhase section */
		ED92B9F124BDC5CC00899A60 /* Frameworks */ = {
			isa = PBXFrameworksBuildPhase;
			buildActionMask = 2147483647;
			files = (
				6EFEEA955B1589C2C20248C2 /* Pods_RxMemo.framework in Frameworks */,
			);
			runOnlyForDeploymentPostprocessing = 0;
		};
/* End PBXFrameworksBuildPhase section */

/* Begin PBXGroup section */
		217B7CC4F24092AB4A34BB4E /* Pods */ = {
			isa = PBXGroup;
			children = (
				41D8DF46D6595B0B7198F36F /* Pods-RxMemo.debug.xcconfig */,
				33ACDB5D256B65DB89752D5F /* Pods-RxMemo.release.xcconfig */,
			);
			path = Pods;
			sourceTree = "<group>";
		};
		8B5C92659AA8BE7D31236758 /* Frameworks */ = {
			isa = PBXGroup;
			children = (
				6CD29B0DFBC5D423BFF09D5F /* Pods_RxMemo.framework */,
			);
			name = Frameworks;
			sourceTree = "<group>";
		};
		ED92B9EB24BDC5CC00899A60 = {
			isa = PBXGroup;
			children = (
				ED92B9F624BDC5CC00899A60 /* RxMemo */,
				ED92B9F524BDC5CC00899A60 /* Products */,
				217B7CC4F24092AB4A34BB4E /* Pods */,
				8B5C92659AA8BE7D31236758 /* Frameworks */,
			);
			sourceTree = "<group>";
		};
		ED92B9F524BDC5CC00899A60 /* Products */ = {
			isa = PBXGroup;
			children = (
				ED92B9F424BDC5CC00899A60 /* RxMemo.app */,
			);
			name = Products;
			sourceTree = "<group>";
		};
		ED92B9F624BDC5CC00899A60 /* RxMemo */ = {
			isa = PBXGroup;
			children = (
				ED92BA1224BDCD7800899A60 /* Scene */,
				ED92BA1124BDCD5A00899A60 /* Service */,
				ED92BA1024BDCD4700899A60 /* ViewModel */,
				ED92BA0F24BDCD3100899A60 /* ViewController */,
				ED92BA0E24BDCD2000899A60 /* Model */,
				ED92B9F724BDC5CC00899A60 /* AppDelegate.swift */,
				ED92B9F924BDC5CC00899A60 /* SceneDelegate.swift */,
				ED92BA0324BDC5CF00899A60 /* Assets.xcassets */,
				ED92BA0824BDC5CF00899A60 /* Info.plist */,
			);
			path = RxMemo;
			sourceTree = "<group>";
		};
		ED92BA0E24BDCD2000899A60 /* Model */ = {
			isa = PBXGroup;
			children = (
				ED92BA1424BDCF8400899A60 /* Memo.swift */,
			);
			path = Model;
			sourceTree = "<group>";
		};
		ED92BA0F24BDCD3100899A60 /* ViewController */ = {
			isa = PBXGroup;
			children = (
				ED92BA3F24BDDBC500899A60 /* MemoListViewViewController.swift */,
				ED92BA4124BDDBFB00899A60 /* MemoDetailViewController.swift */,
				ED92BA4324BDDC4100899A60 /* MemoComposeViewController.swift */,
				ED92B9FD24BDC5CC00899A60 /* Main.storyboard */,
				ED92BA0524BDC5CF00899A60 /* LaunchScreen.storyboard */,
				ED92BA4B24BDDDE100899A60 /* ViewModelBindableType.swift */,
			);
			path = ViewController;
			sourceTree = "<group>";
		};
		ED92BA1024BDCD4700899A60 /* ViewModel */ = {
			isa = PBXGroup;
			children = (
				ED92BA4524BDDD4A00899A60 /* MemoListViewModel.swift */,
				ED92BA4724BDDD7E00899A60 /* MemoDetailViewModel.swift */,
				ED92BA4924BDDDAA00899A60 /* MemoComposeViewModel.swift */,
			);
			path = ViewModel;
			sourceTree = "<group>";
		};
		ED92BA1124BDCD5A00899A60 /* Service */ = {
			isa = PBXGroup;
			children = (
				ED92BA3C24BDD47F00899A60 /* CoreDataStorage */,
				ED92BA3B24BDD46F00899A60 /* MemoStorage */,
				ED92BA1624BDD08800899A60 /* MemoStorageType.swift */,
			);
			path = Service;
			sourceTree = "<group>";
		};
		ED92BA1224BDCD7800899A60 /* Scene */ = {
			isa = PBXGroup;
			children = (
			);
			path = Scene;
			sourceTree = "<group>";
		};
		ED92BA3B24BDD46F00899A60 /* MemoStorage */ = {
			isa = PBXGroup;
			children = (
				ED92BA3D24BDD4A800899A60 /* MemoryStorage.swift */,
			);
			path = MemoStorage;
			sourceTree = "<group>";
		};
		ED92BA3C24BDD47F00899A60 /* CoreDataStorage */ = {
			isa = PBXGroup;
			children = (
				ED92BA0024BDC5CC00899A60 /* RxMemo.xcdatamodeld */,
			);
			path = CoreDataStorage;
			sourceTree = "<group>";
		};
/* End PBXGroup section */

/* Begin PBXNativeTarget section */
		ED92B9F324BDC5CC00899A60 /* RxMemo */ = {
			isa = PBXNativeTarget;
			buildConfigurationList = ED92BA0B24BDC5CF00899A60 /* Build configuration list for PBXNativeTarget "RxMemo" */;
			buildPhases = (
				43245464DF14ACC9B3269392 /* [CP] Check Pods Manifest.lock */,
				ED92B9F024BDC5CC00899A60 /* Sources */,
				ED92B9F124BDC5CC00899A60 /* Frameworks */,
				ED92B9F224BDC5CC00899A60 /* Resources */,
				9F94560DC4B9E342DC70378A /* [CP] Embed Pods Frameworks */,
			);
			buildRules = (
			);
			dependencies = (
			);
			name = RxMemo;
			productName = RxMemo;
			productReference = ED92B9F424BDC5CC00899A60 /* RxMemo.app */;
			productType = "com.apple.product-type.application";
		};
/* End PBXNativeTarget section */

/* Begin PBXProject section */
		ED92B9EC24BDC5CC00899A60 /* Project object */ = {
			isa = PBXProject;
			attributes = {
				LastSwiftUpdateCheck = 1150;
				LastUpgradeCheck = 1150;
				ORGANIZATIONNAME = "박성주";
				TargetAttributes = {
					ED92B9F324BDC5CC00899A60 = {
						CreatedOnToolsVersion = 11.5;
					};
				};
			};
			buildConfigurationList = ED92B9EF24BDC5CC00899A60 /* Build configuration list for PBXProject "RxMemo" */;
			compatibilityVersion = "Xcode 9.3";
			developmentRegion = en;
			hasScannedForEncodings = 0;
			knownRegions = (
				en,
				Base,
			);
			mainGroup = ED92B9EB24BDC5CC00899A60;
			productRefGroup = ED92B9F524BDC5CC00899A60 /* Products */;
			projectDirPath = "";
			projectRoot = "";
			targets = (
				ED92B9F324BDC5CC00899A60 /* RxMemo */,
			);
		};
/* End PBXProject section */

/* Begin PBXResourcesBuildPhase section */
		ED92B9F224BDC5CC00899A60 /* Resources */ = {
			isa = PBXResourcesBuildPhase;
			buildActionMask = 2147483647;
			files = (
				ED92BA0724BDC5CF00899A60 /* LaunchScreen.storyboard in Resources */,
				ED92BA0424BDC5CF00899A60 /* Assets.xcassets in Resources */,
				ED92B9FF24BDC5CC00899A60 /* Main.storyboard in Resources */,
			);
			runOnlyForDeploymentPostprocessing = 0;
		};
/* End PBXResourcesBuildPhase section */

/* Begin PBXShellScriptBuildPhase section */
		43245464DF14ACC9B3269392 /* [CP] Check Pods Manifest.lock */ = {
			isa = PBXShellScriptBuildPhase;
			buildActionMask = 2147483647;
			files = (
			);
			inputFileListPaths = (
			);
			inputPaths = (
				"${PODS_PODFILE_DIR_PATH}/Podfile.lock",
				"${PODS_ROOT}/Manifest.lock",
			);
			name = "[CP] Check Pods Manifest.lock";
			outputFileListPaths = (
			);
			outputPaths = (
				"$(DERIVED_FILE_DIR)/Pods-RxMemo-checkManifestLockResult.txt",
			);
			runOnlyForDeploymentPostprocessing = 0;
			shellPath = /bin/sh;
			shellScript = "diff \"${PODS_PODFILE_DIR_PATH}/Podfile.lock\" \"${PODS_ROOT}/Manifest.lock\" > /dev/null\nif [ $? != 0 ] ; then\n    # print error to STDERR\n    echo \"error: The sandbox is not in sync with the Podfile.lock. Run 'pod install' or update your CocoaPods installation.\" >&2\n    exit 1\nfi\n# This output is used by Xcode 'outputs' to avoid re-running this script phase.\necho \"SUCCESS\" > \"${SCRIPT_OUTPUT_FILE_0}\"\n";
			showEnvVarsInLog = 0;
		};
		9F94560DC4B9E342DC70378A /* [CP] Embed Pods Frameworks */ = {
			isa = PBXShellScriptBuildPhase;
			buildActionMask = 2147483647;
			files = (
			);
			inputFileListPaths = (
				"${PODS_ROOT}/Target Support Files/Pods-RxMemo/Pods-RxMemo-frameworks-${CONFIGURATION}-input-files.xcfilelist",
			);
			name = "[CP] Embed Pods Frameworks";
			outputFileListPaths = (
				"${PODS_ROOT}/Target Support Files/Pods-RxMemo/Pods-RxMemo-frameworks-${CONFIGURATION}-output-files.xcfilelist",
			);
			runOnlyForDeploymentPostprocessing = 0;
			shellPath = /bin/sh;
			shellScript = "\"${PODS_ROOT}/Target Support Files/Pods-RxMemo/Pods-RxMemo-frameworks.sh\"\n";
			showEnvVarsInLog = 0;
		};
/* End PBXShellScriptBuildPhase section */

/* Begin PBXSourcesBuildPhase section */
		ED92B9F024BDC5CC00899A60 /* Sources */ = {
			isa = PBXSourcesBuildPhase;
			buildActionMask = 2147483647;
			files = (
				ED92BA4224BDDBFB00899A60 /* MemoDetailViewController.swift in Sources */,
				ED92BA4A24BDDDAA00899A60 /* MemoComposeViewModel.swift in Sources */,
				ED92BA4024BDDBC500899A60 /* MemoListViewViewController.swift in Sources */,
				ED92BA4C24BDDDE100899A60 /* ViewModelBindableType.swift in Sources */,
				ED92BA3E24BDD4A800899A60 /* MemoryStorage.swift in Sources */,
				ED92B9F824BDC5CC00899A60 /* AppDelegate.swift in Sources */,
				ED92BA1724BDD08800899A60 /* MemoStorageType.swift in Sources */,
				ED92B9FA24BDC5CC00899A60 /* SceneDelegate.swift in Sources */,
				ED92BA4624BDDD4A00899A60 /* MemoListViewModel.swift in Sources */,
				ED92BA4824BDDD7E00899A60 /* MemoDetailViewModel.swift in Sources */,
				ED92BA0224BDC5CC00899A60 /* RxMemo.xcdatamodeld in Sources */,
				ED92BA4424BDDC4100899A60 /* MemoComposeViewController.swift in Sources */,
				ED92BA1524BDCF8400899A60 /* Memo.swift in Sources */,
			);
			runOnlyForDeploymentPostprocessing = 0;
		};
/* End PBXSourcesBuildPhase section */

/* Begin PBXVariantGroup section */
		ED92B9FD24BDC5CC00899A60 /* Main.storyboard */ = {
			isa = PBXVariantGroup;
			children = (
				ED92B9FE24BDC5CC00899A60 /* Base */,
			);
			name = Main.storyboard;
			sourceTree = "<group>";
		};
		ED92BA0524BDC5CF00899A60 /* LaunchScreen.storyboard */ = {
			isa = PBXVariantGroup;
			children = (
				ED92BA0624BDC5CF00899A60 /* Base */,
			);
			name = LaunchScreen.storyboard;
			sourceTree = "<group>";
		};
/* End PBXVariantGroup section */

/* Begin XCBuildConfiguration section */
		ED92BA0924BDC5CF00899A60 /* Debug */ = {
			isa = XCBuildConfiguration;
			buildSettings = {
				ALWAYS_SEARCH_USER_PATHS = NO;
				CLANG_ANALYZER_NONNULL = YES;
				CLANG_ANALYZER_NUMBER_OBJECT_CONVERSION = YES_AGGRESSIVE;
				CLANG_CXX_LANGUAGE_STANDARD = "gnu++14";
				CLANG_CXX_LIBRARY = "libc++";
				CLANG_ENABLE_MODULES = YES;
				CLANG_ENABLE_OBJC_ARC = YES;
				CLANG_ENABLE_OBJC_WEAK = YES;
				CLANG_WARN_BLOCK_CAPTURE_AUTORELEASING = YES;
				CLANG_WARN_BOOL_CONVERSION = YES;
				CLANG_WARN_COMMA = YES;
				CLANG_WARN_CONSTANT_CONVERSION = YES;
				CLANG_WARN_DEPRECATED_OBJC_IMPLEMENTATIONS = YES;
				CLANG_WARN_DIRECT_OBJC_ISA_USAGE = YES_ERROR;
				CLANG_WARN_DOCUMENTATION_COMMENTS = YES;
				CLANG_WARN_EMPTY_BODY = YES;
				CLANG_WARN_ENUM_CONVERSION = YES;
				CLANG_WARN_INFINITE_RECURSION = YES;
				CLANG_WARN_INT_CONVERSION = YES;
				CLANG_WARN_NON_LITERAL_NULL_CONVERSION = YES;
				CLANG_WARN_OBJC_IMPLICIT_RETAIN_SELF = YES;
				CLANG_WARN_OBJC_LITERAL_CONVERSION = YES;
				CLANG_WARN_OBJC_ROOT_CLASS = YES_ERROR;
				CLANG_WARN_RANGE_LOOP_ANALYSIS = YES;
				CLANG_WARN_STRICT_PROTOTYPES = YES;
				CLANG_WARN_SUSPICIOUS_MOVE = YES;
				CLANG_WARN_UNGUARDED_AVAILABILITY = YES_AGGRESSIVE;
				CLANG_WARN_UNREACHABLE_CODE = YES;
				CLANG_WARN__DUPLICATE_METHOD_MATCH = YES;
				COPY_PHASE_STRIP = NO;
				DEBUG_INFORMATION_FORMAT = dwarf;
				ENABLE_STRICT_OBJC_MSGSEND = YES;
				ENABLE_TESTABILITY = YES;
				GCC_C_LANGUAGE_STANDARD = gnu11;
				GCC_DYNAMIC_NO_PIC = NO;
				GCC_NO_COMMON_BLOCKS = YES;
				GCC_OPTIMIZATION_LEVEL = 0;
				GCC_PREPROCESSOR_DEFINITIONS = (
					"DEBUG=1",
					"$(inherited)",
				);
				GCC_WARN_64_TO_32_BIT_CONVERSION = YES;
				GCC_WARN_ABOUT_RETURN_TYPE = YES_ERROR;
				GCC_WARN_UNDECLARED_SELECTOR = YES;
				GCC_WARN_UNINITIALIZED_AUTOS = YES_AGGRESSIVE;
				GCC_WARN_UNUSED_FUNCTION = YES;
				GCC_WARN_UNUSED_VARIABLE = YES;
				IPHONEOS_DEPLOYMENT_TARGET = 10.0;
				MTL_ENABLE_DEBUG_INFO = INCLUDE_SOURCE;
				MTL_FAST_MATH = YES;
				ONLY_ACTIVE_ARCH = YES;
				SDKROOT = iphoneos;
				SWIFT_ACTIVE_COMPILATION_CONDITIONS = DEBUG;
				SWIFT_OPTIMIZATION_LEVEL = "-Onone";
			};
			name = Debug;
		};
		ED92BA0A24BDC5CF00899A60 /* Release */ = {
			isa = XCBuildConfiguration;
			buildSettings = {
				ALWAYS_SEARCH_USER_PATHS = NO;
				CLANG_ANALYZER_NONNULL = YES;
				CLANG_ANALYZER_NUMBER_OBJECT_CONVERSION = YES_AGGRESSIVE;
				CLANG_CXX_LANGUAGE_STANDARD = "gnu++14";
				CLANG_CXX_LIBRARY = "libc++";
				CLANG_ENABLE_MODULES = YES;
				CLANG_ENABLE_OBJC_ARC = YES;
				CLANG_ENABLE_OBJC_WEAK = YES;
				CLANG_WARN_BLOCK_CAPTURE_AUTORELEASING = YES;
				CLANG_WARN_BOOL_CONVERSION = YES;
				CLANG_WARN_COMMA = YES;
				CLANG_WARN_CONSTANT_CONVERSION = YES;
				CLANG_WARN_DEPRECATED_OBJC_IMPLEMENTATIONS = YES;
				CLANG_WARN_DIRECT_OBJC_ISA_USAGE = YES_ERROR;
				CLANG_WARN_DOCUMENTATION_COMMENTS = YES;
				CLANG_WARN_EMPTY_BODY = YES;
				CLANG_WARN_ENUM_CONVERSION = YES;
				CLANG_WARN_INFINITE_RECURSION = YES;
				CLANG_WARN_INT_CONVERSION = YES;
				CLANG_WARN_NON_LITERAL_NULL_CONVERSION = YES;
				CLANG_WARN_OBJC_IMPLICIT_RETAIN_SELF = YES;
				CLANG_WARN_OBJC_LITERAL_CONVERSION = YES;
				CLANG_WARN_OBJC_ROOT_CLASS = YES_ERROR;
				CLANG_WARN_RANGE_LOOP_ANALYSIS = YES;
				CLANG_WARN_STRICT_PROTOTYPES = YES;
				CLANG_WARN_SUSPICIOUS_MOVE = YES;
				CLANG_WARN_UNGUARDED_AVAILABILITY = YES_AGGRESSIVE;
				CLANG_WARN_UNREACHABLE_CODE = YES;
				CLANG_WARN__DUPLICATE_METHOD_MATCH = YES;
				COPY_PHASE_STRIP = NO;
				DEBUG_INFORMATION_FORMAT = "dwarf-with-dsym";
				ENABLE_NS_ASSERTIONS = NO;
				ENABLE_STRICT_OBJC_MSGSEND = YES;
				GCC_C_LANGUAGE_STANDARD = gnu11;
				GCC_NO_COMMON_BLOCKS = YES;
				GCC_WARN_64_TO_32_BIT_CONVERSION = YES;
				GCC_WARN_ABOUT_RETURN_TYPE = YES_ERROR;
				GCC_WARN_UNDECLARED_SELECTOR = YES;
				GCC_WARN_UNINITIALIZED_AUTOS = YES_AGGRESSIVE;
				GCC_WARN_UNUSED_FUNCTION = YES;
				GCC_WARN_UNUSED_VARIABLE = YES;
				IPHONEOS_DEPLOYMENT_TARGET = 10.0;
				MTL_ENABLE_DEBUG_INFO = NO;
				MTL_FAST_MATH = YES;
				SDKROOT = iphoneos;
				SWIFT_COMPILATION_MODE = wholemodule;
				SWIFT_OPTIMIZATION_LEVEL = "-O";
				VALIDATE_PRODUCT = YES;
			};
			name = Release;
		};
		ED92BA0C24BDC5CF00899A60 /* Debug */ = {
			isa = XCBuildConfiguration;
			baseConfigurationReference = 41D8DF46D6595B0B7198F36F /* Pods-RxMemo.debug.xcconfig */;
			buildSettings = {
				ASSETCATALOG_COMPILER_APPICON_NAME = AppIcon;
				CODE_SIGN_STYLE = Automatic;
				INFOPLIST_FILE = RxMemo/Info.plist;
				LD_RUNPATH_SEARCH_PATHS = (
					"$(inherited)",
					"@executable_path/Frameworks",
				);
				PRODUCT_BUNDLE_IDENTIFIER = study.RxMemo;
				PRODUCT_NAME = "$(TARGET_NAME)";
				SWIFT_VERSION = 5.0;
				TARGETED_DEVICE_FAMILY = "1,2";
			};
			name = Debug;
		};
		ED92BA0D24BDC5CF00899A60 /* Release */ = {
			isa = XCBuildConfiguration;
			baseConfigurationReference = 33ACDB5D256B65DB89752D5F /* Pods-RxMemo.release.xcconfig */;
			buildSettings = {
				ASSETCATALOG_COMPILER_APPICON_NAME = AppIcon;
				CODE_SIGN_STYLE = Automatic;
				INFOPLIST_FILE = RxMemo/Info.plist;
				LD_RUNPATH_SEARCH_PATHS = (
					"$(inherited)",
					"@executable_path/Frameworks",
				);
				PRODUCT_BUNDLE_IDENTIFIER = study.RxMemo;
				PRODUCT_NAME = "$(TARGET_NAME)";
				SWIFT_VERSION = 5.0;
				TARGETED_DEVICE_FAMILY = "1,2";
			};
			name = Release;
		};
/* End XCBuildConfiguration section */

/* Begin XCConfigurationList section */
		ED92B9EF24BDC5CC00899A60 /* Build configuration list for PBXProject "RxMemo" */ = {
			isa = XCConfigurationList;
			buildConfigurations = (
				ED92BA0924BDC5CF00899A60 /* Debug */,
				ED92BA0A24BDC5CF00899A60 /* Release */,
			);
			defaultConfigurationIsVisible = 0;
			defaultConfigurationName = Release;
		};
		ED92BA0B24BDC5CF00899A60 /* Build configuration list for PBXNativeTarget "RxMemo" */ = {
			isa = XCConfigurationList;
			buildConfigurations = (
				ED92BA0C24BDC5CF00899A60 /* Debug */,
				ED92BA0D24BDC5CF00899A60 /* Release */,
			);
			defaultConfigurationIsVisible = 0;
			defaultConfigurationName = Release;
		};
/* End XCConfigurationList section */

/* Begin XCVersionGroup section */
		ED92BA0024BDC5CC00899A60 /* RxMemo.xcdatamodeld */ = {
			isa = XCVersionGroup;
			children = (
				ED92BA0124BDC5CC00899A60 /* RxMemo.xcdatamodel */,
			);
			currentVersion = ED92BA0124BDC5CC00899A60 /* RxMemo.xcdatamodel */;
			path = RxMemo.xcdatamodeld;
			sourceTree = "<group>";
			versionGroupType = wrapper.xcdatamodel;
		};
/* End XCVersionGroup section */
	};
	rootObject = ED92B9EC24BDC5CC00899A60 /* Project object */;
}
